
Microsoft Visual Studio Solution File, Format Version 12.00
# Visual Studio Version 17
VisualStudioVersion = 17.0.32014.148
MinimumVisualStudioVersion = 10.0.40219.1
Project("{2150E333-8FDC-42A3-9474-1A3956D46DE8}") = "Domain", "Domain", "{2F33AAFF-B9DB-4347-801E-9A35D39A1B33}"
EndProject
Project("{2150E333-8FDC-42A3-9474-1A3956D46DE8}") = "Infra.Bus", "Infra.Bus", "{1E231B2C-3CFC-46D6-B494-77F175815856}"
EndProject
Project("{2150E333-8FDC-42A3-9474-1A3956D46DE8}") = "Infra.IoC", "Infra.IoC", "{D0D8B7C9-8D1D-4CEB-980C-8C3457943539}"
EndProject
Project("{2150E333-8FDC-42A3-9474-1A3956D46DE8}") = "Microservices", "Microservices", "{EA00ACAC-6287-46D6-9CD0-6F1B2C3F427B}"
EndProject
Project("{9A19103F-16F7-4668-BE54-9A1E7A4F7556}") = "MicroRabbit.Domain.Core", "MicroRabbit.Domain.Core\MicroRabbit.Domain.Core.csproj", "{DD575F0C-FB96-4395-99BD-C1B891685172}"
EndProject
Project("{9A19103F-16F7-4668-BE54-9A1E7A4F7556}") = "MicroRabbit.Infra.Bus", "MicroRabbit.Infra.Bus\MicroRabbit.Infra.Bus.csproj", "{F2F0EE5B-9C64-4625-AD10-7D0239B74850}"
EndProject
Project("{FAE04EC0-301F-11D3-BF4B-00C04F79EFBC}") = "MicroRabbit.Infra.IoC", "MicroRabbit.Infra.IoC\MicroRabbit.Infra.IoC.csproj", "{D2796F96-4BA9-4B7B-80BA-5FEA44E96CE1}"
EndProject
Project("{2150E333-8FDC-42A3-9474-1A3956D46DE8}") = "Banking", "Banking", "{6D02BCFF-7BD2-4194-991C-FAA4133FC9D5}"
EndProject
Project("{2150E333-8FDC-42A3-9474-1A3956D46DE8}") = "Api", "Api", "{64ADE81B-9B77-40F9-95D1-6DB346909D58}"
EndProject
Project("{2150E333-8FDC-42A3-9474-1A3956D46DE8}") = "Application", "Application", "{23095EB4-1A26-4C09-933D-0D48AE003BEA}"
EndProject
Project("{2150E333-8FDC-42A3-9474-1A3956D46DE8}") = "Domain", "Domain", "{0143E43D-2A13-479C-B433-385129F97A79}"
EndProject
Project("{2150E333-8FDC-42A3-9474-1A3956D46DE8}") = "Data", "Data", "{7D8EDF74-DC65-40EC-B082-A07126E1FBDB}"
EndProject
Project("{FAE04EC0-301F-11D3-BF4B-00C04F79EFBC}") = "MicroRabbit.Banking.Api", "MicroRabbit.Banking.Api\MicroRabbit.Banking.Api.csproj", "{8874FA9A-7777-4B6A-8186-D202BB84D200}"
EndProject
Project("{FAE04EC0-301F-11D3-BF4B-00C04F79EFBC}") = "MicroRabbit.Banking.Application", "MicroRabbit.Banking.Application\MicroRabbit.Banking.Application.csproj", "{2A4AFF55-DCFB-4BCC-8796-1A37C1B8CF32}"
EndProject
Project("{FAE04EC0-301F-11D3-BF4B-00C04F79EFBC}") = "MicroRabbit.Banking.Data", "MicroRabbit-Banking.Data\MicroRabbit.Banking.Data.csproj", "{DC0E07F4-9252-4DD4-A63C-120CA39394A7}"
EndProject
Project("{FAE04EC0-301F-11D3-BF4B-00C04F79EFBC}") = "MicroRabbit.Banking.Domain", "MicroRabbit-Banking.Domain\MicroRabbit.Banking.Domain.csproj", "{23858C2E-8CBD-4A8C-8959-B6D09385D486}"
EndProject
Global
	GlobalSection(SolutionConfigurationPlatforms) = preSolution
		Debug|Any CPU = Debug|Any CPU
		Release|Any CPU = Release|Any CPU
	EndGlobalSection
	GlobalSection(ProjectConfigurationPlatforms) = postSolution
		{DD575F0C-FB96-4395-99BD-C1B891685172}.Debug|Any CPU.ActiveCfg = Debug|Any CPU
		{DD575F0C-FB96-4395-99BD-C1B891685172}.Debug|Any CPU.Build.0 = Debug|Any CPU
		{DD575F0C-FB96-4395-99BD-C1B891685172}.Release|Any CPU.ActiveCfg = Release|Any CPU
		{DD575F0C-FB96-4395-99BD-C1B891685172}.Release|Any CPU.Build.0 = Release|Any CPU
		{F2F0EE5B-9C64-4625-AD10-7D0239B74850}.Debug|Any CPU.ActiveCfg = Debug|Any CPU
		{F2F0EE5B-9C64-4625-AD10-7D0239B74850}.Debug|Any CPU.Build.0 = Debug|Any CPU
		{F2F0EE5B-9C64-4625-AD10-7D0239B74850}.Release|Any CPU.ActiveCfg = Release|Any CPU
		{F2F0EE5B-9C64-4625-AD10-7D0239B74850}.Release|Any CPU.Build.0 = Release|Any CPU
		{D2796F96-4BA9-4B7B-80BA-5FEA44E96CE1}.Debug|Any CPU.ActiveCfg = Debug|Any CPU
		{D2796F96-4BA9-4B7B-80BA-5FEA44E96CE1}.Debug|Any CPU.Build.0 = Debug|Any CPU
		{D2796F96-4BA9-4B7B-80BA-5FEA44E96CE1}.Release|Any CPU.ActiveCfg = Release|Any CPU
		{D2796F96-4BA9-4B7B-80BA-5FEA44E96CE1}.Release|Any CPU.Build.0 = Release|Any CPU
		{8874FA9A-7777-4B6A-8186-D202BB84D200}.Debug|Any CPU.ActiveCfg = Debug|Any CPU
		{8874FA9A-7777-4B6A-8186-D202BB84D200}.Debug|Any CPU.Build.0 = Debug|Any CPU
		{8874FA9A-7777-4B6A-8186-D202BB84D200}.Release|Any CPU.ActiveCfg = Release|Any CPU
		{8874FA9A-7777-4B6A-8186-D202BB84D200}.Release|Any CPU.Build.0 = Release|Any CPU
		{2A4AFF55-DCFB-4BCC-8796-1A37C1B8CF32}.Debug|Any CPU.ActiveCfg = Debug|Any CPU
		{2A4AFF55-DCFB-4BCC-8796-1A37C1B8CF32}.Debug|Any CPU.Build.0 = Debug|Any CPU
		{2A4AFF55-DCFB-4BCC-8796-1A37C1B8CF32}.Release|Any CPU.ActiveCfg = Release|Any CPU
		{2A4AFF55-DCFB-4BCC-8796-1A37C1B8CF32}.Release|Any CPU.Build.0 = Release|Any CPU
		{DC0E07F4-9252-4DD4-A63C-120CA39394A7}.Debug|Any CPU.ActiveCfg = Debug|Any CPU
		{DC0E07F4-9252-4DD4-A63C-120CA39394A7}.Debug|Any CPU.Build.0 = Debug|Any CPU
		{DC0E07F4-9252-4DD4-A63C-120CA39394A7}.Release|Any CPU.ActiveCfg = Release|Any CPU
		{DC0E07F4-9252-4DD4-A63C-120CA39394A7}.Release|Any CPU.Build.0 = Release|Any CPU
		{23858C2E-8CBD-4A8C-8959-B6D09385D486}.Debug|Any CPU.ActiveCfg = Debug|Any CPU
		{23858C2E-8CBD-4A8C-8959-B6D09385D486}.Debug|Any CPU.Build.0 = Debug|Any CPU
		{23858C2E-8CBD-4A8C-8959-B6D09385D486}.Release|Any CPU.ActiveCfg = Release|Any CPU
		{23858C2E-8CBD-4A8C-8959-B6D09385D486}.Release|Any CPU.Build.0 = Release|Any CPU
	EndGlobalSection
	GlobalSection(SolutionProperties) = preSolution
		HideSolutionNode = FALSE
	EndGlobalSection
	GlobalSection(NestedProjects) = preSolution
		{DD575F0C-FB96-4395-99BD-C1B891685172} = {2F33AAFF-B9DB-4347-801E-9A35D39A1B33}
		{F2F0EE5B-9C64-4625-AD10-7D0239B74850} = {1E231B2C-3CFC-46D6-B494-77F175815856}
		{D2796F96-4BA9-4B7B-80BA-5FEA44E96CE1} = {D0D8B7C9-8D1D-4CEB-980C-8C3457943539}
		{6D02BCFF-7BD2-4194-991C-FAA4133FC9D5} = {EA00ACAC-6287-46D6-9CD0-6F1B2C3F427B}
		{64ADE81B-9B77-40F9-95D1-6DB346909D58} = {6D02BCFF-7BD2-4194-991C-FAA4133FC9D5}
		{23095EB4-1A26-4C09-933D-0D48AE003BEA} = {6D02BCFF-7BD2-4194-991C-FAA4133FC9D5}
		{0143E43D-2A13-479C-B433-385129F97A79} = {6D02BCFF-7BD2-4194-991C-FAA4133FC9D5}
		{7D8EDF74-DC65-40EC-B082-A07126E1FBDB} = {6D02BCFF-7BD2-4194-991C-FAA4133FC9D5}
		{8874FA9A-7777-4B6A-8186-D202BB84D200} = {64ADE81B-9B77-40F9-95D1-6DB346909D58}
		{2A4AFF55-DCFB-4BCC-8796-1A37C1B8CF32} = {23095EB4-1A26-4C09-933D-0D48AE003BEA}
		{DC0E07F4-9252-4DD4-A63C-120CA39394A7} = {7D8EDF74-DC65-40EC-B082-A07126E1FBDB}
		{23858C2E-8CBD-4A8C-8959-B6D09385D486} = {0143E43D-2A13-479C-B433-385129F97A79}
	EndGlobalSection
	GlobalSection(ExtensibilityGlobals) = postSolution
		SolutionGuid = {81E21704-8280-41FC-B55C-CEBB107A8C9E}
	EndGlobalSection
EndGlobal
